
Microsoft Visual Studio Solution File, Format Version 12.00
# Visual Studio Version 17
VisualStudioVersion = 17.3.32929.385
MinimumVisualStudioVersion = 10.0.40219.1
Project("{FAE04EC0-301F-11D3-BF4B-00C04F79EFBC}") = "ProjectCalculator", "ProjectCalculator\ProjectCalculator.csproj", "{588926D2-F062-4AF3-A477-669EC480D0A1}"
EndProject
Global
	GlobalSection(SolutionConfigurationPlatforms) = preSolution
		Debug|Any CPU = Debug|Any CPU
		Release|Any CPU = Release|Any CPU
	EndGlobalSection
	GlobalSection(ProjectConfigurationPlatforms) = postSolution
		{588926D2-F062-4AF3-A477-669EC480D0A1}.Debug|Any CPU.ActiveCfg = Debug|Any CPU
		{588926D2-F062-4AF3-A477-669EC480D0A1}.Debug|Any CPU.Build.0 = Debug|Any CPU
		{588926D2-F062-4AF3-A477-669EC480D0A1}.Release|Any CPU.ActiveCfg = Release|Any CPU
		{588926D2-F062-4AF3-A477-669EC480D0A1}.Release|Any CPU.Build.0 = Release|Any CPU
	EndGlobalSection
	GlobalSection(SolutionProperties) = preSolution
		HideSolutionNode = FALSE
	EndGlobalSection
	GlobalSection(ExtensibilityGlobals) = postSolution
		SolutionGuid = {F99A19EF-BF22-4E11-84C1-6A1B4CDE2E40}
	EndGlobalSection
EndGlobal
